
Microsoft Visual Studio Solution File, Format Version 12.00
# Visual Studio Version 17
VisualStudioVersion = 17.0.32126.317
MinimumVisualStudioVersion = 10.0.40219.1
Project("{FAE04EC0-301F-11D3-BF4B-00C04F79EFBC}") = "CountWords", "CountWords\CountWords.csproj", "{84321544-DDC7-48D0-8F47-B43A7C606B41}"
EndProject
Global
	GlobalSection(SolutionConfigurationPlatforms) = preSolution
		Debug|Any CPU = Debug|Any CPU
		Release|Any CPU = Release|Any CPU
	EndGlobalSection
	GlobalSection(ProjectConfigurationPlatforms) = postSolution
		{84321544-DDC7-48D0-8F47-B43A7C606B41}.Debug|Any CPU.ActiveCfg = Debug|Any CPU
		{84321544-DDC7-48D0-8F47-B43A7C606B41}.Debug|Any CPU.Build.0 = Debug|Any CPU
		{84321544-DDC7-48D0-8F47-B43A7C606B41}.Release|Any CPU.ActiveCfg = Release|Any CPU
		{84321544-DDC7-48D0-8F47-B43A7C606B41}.Release|Any CPU.Build.0 = Release|Any CPU
	EndGlobalSection
	GlobalSection(SolutionProperties) = preSolution
		HideSolutionNode = FALSE
	EndGlobalSection
	GlobalSection(ExtensibilityGlobals) = postSolution
		SolutionGuid = {FB79E977-0EE2-4683-A0A2-03E221D04BA6}
	EndGlobalSection
EndGlobal
